<Solution>
  <Folder Name="/src/">
    <Project Path="src/MinGo.CertManager.Application/MinGo.CertManager.Application.csproj" />
    <Project Path="src/MinGo.CertManager.Core/MinGo.CertManager.Core.csproj" />
    <Project Path="src/MinGo.CertManager.Infrastructure/MinGo.CertManager.Infrastructure.csproj" />
    <Project Path="src/MinGo.CertManager.Web/MinGo.CertManager.Web.csproj" />
  </Folder>
  <Folder Name="/test/">
    <Project Path="test/MinGo.CertManager.Tests/MinGo.CertManager.Tests.csproj" />
  </Folder>
</Solution>
